{
  "lockfileVersion": 2,
  "configVersion": 1,
  "workspaces": {
    "": {
      "name": "@srobroek/beads",
      "dependencies": {
        "sh-syntax": "0.6.0",
      },
    },
  },
  "packages": {
    "sh-syntax": ["sh-syntax@0.6.0", "", {}, "sha512-52VK6z/cdZHv7UURjIcwfBUQZrAhIEEe0bY4lrkfypjnFIKsDZdD3Uaz/dBiw/sF8BeX0Mssv140s8EnrsJ9dQ=="],
  }
}
