{
  "lockfileVersion": 1,
  "configVersion": 1,
  "workspaces": {
    "": {
      "name": "@srobroek/whats-new",
      "dependencies": {
        "smol-toml": "1.8.0",
      },
    },
  },
  "packages": {
    "smol-toml": ["smol-toml@1.8.0", "", {}, "sha512-kCZr2V3ch9i00x8zXRhjUNVcjG9ijES5dDudkXvUVCT5QlJNQWElSJdZqyPemffHoLNUYwOcou0Fy+ojN0uHSQ=="],
  }
}
