{
  "lockfileVersion": 1,
  "configVersion": 1,
  "workspaces": {
    "": {
      "name": "@srobroek/dep-update",
      "dependencies": {
        "smol-toml": "1.9.0",
      },
    },
  },
  "packages": {
    "smol-toml": ["smol-toml@1.9.0", "", {}, "sha512-hpd+HLON7HdZXqYchMM/+LaTTbdK0AU3NngIJ4KVyWbY9bfQqdL9cD+4yf6dUoU2Ap4VsU0JkQi6FxAI1B2mXQ=="],
  }
}
